altgraph==0.17.5
cffi==2.1.1
charset-normalizer==3.5.1
colorama==0.4.6
cryptography==50.0.1
iniconfig==2.3.0
packaging==26.3
pdfminer.six==20260107
pdfplumber==0.11.10
pefile==2024.8.26
pillow==12.3.0
pluggy==1.6.0
pycparser==3.0
Pygments==2.21.0
pyinstaller==6.22.3
pyinstaller-hooks-contrib==2026.7
pypdf==6.19.0
pypdfium2==5.13.0
pypinyin==0.55.0
PySide6_Essentials==6.11.2
pytest==9.1.1
pywin32-ctypes==0.2.3
reportlab==4.5.1
setuptools==84.0.0
shiboken6==6.11.2
